// !$*UTF8*$!
{
	archiveVersion = 1;
	classes = {
	};
	objectVersion = 50;
	objects = {

/* Begin PBXBuildFile section */
		A90A3984267177EB009C24C6 /* RocketsCoreData.framework in Frameworks */ = {isa = PBXBuildFile; fileRef = A90A3982267177EB009C24C6 /* RocketsCoreData.framework */; };
		A90A3985267177EB009C24C6 /* RocketsCoreData.framework in Embed Frameworks */ = {isa = PBXBuildFile; fileRef = A90A3982267177EB009C24C6 /* RocketsCoreData.framework */; settings = {ATTRIBUTES = (CodeSignOnCopy, RemoveHeadersOnCopy, ); }; };
		A90A3986267177EB009C24C6 /* RocketsDomain.framework in Frameworks */ = {isa = PBXBuildFile; fileRef = A90A3983267177EB009C24C6 /* RocketsDomain.framework */; };
		A90A3987267177EB009C24C6 /* RocketsDomain.framework in Embed Frameworks */ = {isa = PBXBuildFile; fileRef = A90A3983267177EB009C24C6 /* RocketsDomain.framework */; settings = {ATTRIBUTES = (CodeSignOnCopy, RemoveHeadersOnCopy, ); }; };
		A96517B726715CE100CA640A /* AppDelegate.swift in Sources */ = {isa = PBXBuildFile; fileRef = A96517B626715CE100CA640A /* AppDelegate.swift */; };
		A96517C026715CE200CA640A /* Assets.xcassets in Resources */ = {isa = PBXBuildFile; fileRef = A96517BF26715CE200CA640A /* Assets.xcassets */; };
		A96517C326715CE200CA640A /* LaunchScreen.storyboard in Resources */ = {isa = PBXBuildFile; fileRef = A96517C126715CE200CA640A /* LaunchScreen.storyboard */; };
		A96517D126715EB900CA640A /* RocketListViewController.swift in Sources */ = {isa = PBXBuildFile; fileRef = A96517D026715EB900CA640A /* RocketListViewController.swift */; };
		A96517D326715EDA00CA640A /* RocketListViewModel.swift in Sources */ = {isa = PBXBuildFile; fileRef = A96517D226715EDA00CA640A /* RocketListViewModel.swift */; };
		A96518042671632800CA640A /* RocketsNetwork.framework in Frameworks */ = {isa = PBXBuildFile; fileRef = A96518032671632800CA640A /* RocketsNetwork.framework */; };
		A96518052671632800CA640A /* RocketsNetwork.framework in Embed Frameworks */ = {isa = PBXBuildFile; fileRef = A96518032671632800CA640A /* RocketsNetwork.framework */; settings = {ATTRIBUTES = (CodeSignOnCopy, RemoveHeadersOnCopy, ); }; };
/* End PBXBuildFile section */

/* Begin PBXCopyFilesBuildPhase section */
		A96518062671632800CA640A /* Embed Frameworks */ = {
			isa = PBXCopyFilesBuildPhase;
			buildActionMask = 2147483647;
			dstPath = "";
			dstSubfolderSpec = 10;
			files = (
				A96518052671632800CA640A /* RocketsNetwork.framework in Embed Frameworks */,
				A90A3985267177EB009C24C6 /* RocketsCoreData.framework in Embed Frameworks */,
				A90A3987267177EB009C24C6 /* RocketsDomain.framework in Embed Frameworks */,
			);
			name = "Embed Frameworks";
			runOnlyForDeploymentPostprocessing = 0;
		};
/* End PBXCopyFilesBuildPhase section */

/* Begin PBXFileReference section */
		A90A3982267177EB009C24C6 /* RocketsCoreData.framework */ = {isa = PBXFileReference; explicitFileType = wrapper.framework; path = RocketsCoreData.framework; sourceTree = BUILT_PRODUCTS_DIR; };
		A90A3983267177EB009C24C6 /* RocketsDomain.framework */ = {isa = PBXFileReference; explicitFileType = wrapper.framework; path = RocketsDomain.framework; sourceTree = BUILT_PRODUCTS_DIR; };
		A96517B326715CE100CA640A /* Rockets.app */ = {isa = PBXFileReference; explicitFileType = wrapper.application; includeInIndex = 0; path = Rockets.app; sourceTree = BUILT_PRODUCTS_DIR; };
		A96517B626715CE100CA640A /* AppDelegate.swift */ = {isa = PBXFileReference; lastKnownFileType = sourcecode.swift; path = AppDelegate.swift; sourceTree = "<group>"; };
		A96517BF26715CE200CA640A /* Assets.xcassets */ = {isa = PBXFileReference; lastKnownFileType = folder.assetcatalog; path = Assets.xcassets; sourceTree = "<group>"; };
		A96517C226715CE200CA640A /* Base */ = {isa = PBXFileReference; lastKnownFileType = file.storyboard; name = Base; path = Base.lproj/LaunchScreen.storyboard; sourceTree = "<group>"; };
		A96517C426715CE200CA640A /* Info.plist */ = {isa = PBXFileReference; lastKnownFileType = text.plist.xml; path = Info.plist; sourceTree = "<group>"; };
		A96517D026715EB900CA640A /* RocketListViewController.swift */ = {isa = PBXFileReference; lastKnownFileType = sourcecode.swift; path = RocketListViewController.swift; sourceTree = "<group>"; };
		A96517D226715EDA00CA640A /* RocketListViewModel.swift */ = {isa = PBXFileReference; lastKnownFileType = sourcecode.swift; path = RocketListViewModel.swift; sourceTree = "<group>"; };
		A96518032671632800CA640A /* RocketsNetwork.framework */ = {isa = PBXFileReference; explicitFileType = wrapper.framework; path = RocketsNetwork.framework; sourceTree = BUILT_PRODUCTS_DIR; };
/* End PBXFileReference section */

/* Begin PBXFrameworksBuildPhase section */
		A96517B026715CE100CA640A /* Frameworks */ = {
			isa = PBXFrameworksBuildPhase;
			buildActionMask = 2147483647;
			files = (
				A96518042671632800CA640A /* RocketsNetwork.framework in Frameworks */,
				A90A3984267177EB009C24C6 /* RocketsCoreData.framework in Frameworks */,
				A90A3986267177EB009C24C6 /* RocketsDomain.framework in Frameworks */,
			);
			runOnlyForDeploymentPostprocessing = 0;
		};
/* End PBXFrameworksBuildPhase section */

/* Begin PBXGroup section */
		A96517AA26715CE100CA640A = {
			isa = PBXGroup;
			children = (
				A96517B526715CE100CA640A /* Rockets */,
				A96517B426715CE100CA640A /* Products */,
				A96518022671632800CA640A /* Frameworks */,
			);
			sourceTree = "<group>";
		};
		A96517B426715CE100CA640A /* Products */ = {
			isa = PBXGroup;
			children = (
				A96517B326715CE100CA640A /* Rockets.app */,
			);
			name = Products;
			sourceTree = "<group>";
		};
		A96517B526715CE100CA640A /* Rockets */ = {
			isa = PBXGroup;
			children = (
				A96517CA26715E6800CA640A /* Application */,
				A96517CC26715E9D00CA640A /* Scenes */,
				A96517CB26715E7800CA640A /* Resources */,
			);
			path = Rockets;
			sourceTree = "<group>";
		};
		A96517CA26715E6800CA640A /* Application */ = {
			isa = PBXGroup;
			children = (
				A96517B626715CE100CA640A /* AppDelegate.swift */,
			);
			path = Application;
			sourceTree = "<group>";
		};
		A96517CB26715E7800CA640A /* Resources */ = {
			isa = PBXGroup;
			children = (
				A96517BF26715CE200CA640A /* Assets.xcassets */,
				A96517C126715CE200CA640A /* LaunchScreen.storyboard */,
				A96517C426715CE200CA640A /* Info.plist */,
			);
			path = Resources;
			sourceTree = "<group>";
		};
		A96517CC26715E9D00CA640A /* Scenes */ = {
			isa = PBXGroup;
			children = (
				A96517CD26715EA100CA640A /* Rocket List */,
			);
			path = Scenes;
			sourceTree = "<group>";
		};
		A96517CD26715EA100CA640A /* Rocket List */ = {
			isa = PBXGroup;
			children = (
				A96517D426715EF800CA640A /* Views */,
				A96517CF26715EAD00CA640A /* View Models */,
				A96517CE26715EA700CA640A /* View Controllers */,
			);
			path = "Rocket List";
			sourceTree = "<group>";
		};
		A96517CE26715EA700CA640A /* View Controllers */ = {
			isa = PBXGroup;
			children = (
				A96517D026715EB900CA640A /* RocketListViewController.swift */,
			);
			path = "View Controllers";
			sourceTree = "<group>";
		};
		A96517CF26715EAD00CA640A /* View Models */ = {
			isa = PBXGroup;
			children = (
				A96517D226715EDA00CA640A /* RocketListViewModel.swift */,
			);
			path = "View Models";
			sourceTree = "<group>";
		};
		A96517D426715EF800CA640A /* Views */ = {
			isa = PBXGroup;
			children = (
			);
			path = Views;
			sourceTree = "<group>";
		};
		A96518022671632800CA640A /* Frameworks */ = {
			isa = PBXGroup;
			children = (
				A90A3982267177EB009C24C6 /* RocketsCoreData.framework */,
				A90A3983267177EB009C24C6 /* RocketsDomain.framework */,
				A96518032671632800CA640A /* RocketsNetwork.framework */,
			);
			name = Frameworks;
			sourceTree = "<group>";
		};
/* End PBXGroup section */

/* Begin PBXNativeTarget section */
		A96517B226715CE100CA640A /* Rockets */ = {
			isa = PBXNativeTarget;
			buildConfigurationList = A96517C726715CE200CA640A /* Build configuration list for PBXNativeTarget "Rockets" */;
			buildPhases = (
				A96517AF26715CE100CA640A /* Sources */,
				A96517B026715CE100CA640A /* Frameworks */,
				A96517B126715CE100CA640A /* Resources */,
				A96518062671632800CA640A /* Embed Frameworks */,
			);
			buildRules = (
			);
			dependencies = (
			);
			name = Rockets;
			productName = Rockets;
			productReference = A96517B326715CE100CA640A /* Rockets.app */;
			productType = "com.apple.product-type.application";
		};
/* End PBXNativeTarget section */

/* Begin PBXProject section */
		A96517AB26715CE100CA640A /* Project object */ = {
			isa = PBXProject;
			attributes = {
				LastSwiftUpdateCheck = 1250;
				LastUpgradeCheck = 1250;
				TargetAttributes = {
					A96517B226715CE100CA640A = {
						CreatedOnToolsVersion = 12.5;
					};
				};
			};
			buildConfigurationList = A96517AE26715CE100CA640A /* Build configuration list for PBXProject "Rockets" */;
			compatibilityVersion = "Xcode 9.3";
			developmentRegion = en;
			hasScannedForEncodings = 0;
			knownRegions = (
				en,
				Base,
			);
			mainGroup = A96517AA26715CE100CA640A;
			productRefGroup = A96517B426715CE100CA640A /* Products */;
			projectDirPath = "";
			projectRoot = "";
			targets = (
				A96517B226715CE100CA640A /* Rockets */,
			);
		};
/* End PBXProject section */

/* Begin PBXResourcesBuildPhase section */
		A96517B126715CE100CA640A /* Resources */ = {
			isa = PBXResourcesBuildPhase;
			buildActionMask = 2147483647;
			files = (
				A96517C326715CE200CA640A /* LaunchScreen.storyboard in Resources */,
				A96517C026715CE200CA640A /* Assets.xcassets in Resources */,
			);
			runOnlyForDeploymentPostprocessing = 0;
		};
/* End PBXResourcesBuildPhase section */

/* Begin PBXSourcesBuildPhase section */
		A96517AF26715CE100CA640A /* Sources */ = {
			isa = PBXSourcesBuildPhase;
			buildActionMask = 2147483647;
			files = (
				A96517D126715EB900CA640A /* RocketListViewController.swift in Sources */,
				A96517D326715EDA00CA640A /* RocketListViewModel.swift in Sources */,
				A96517B726715CE100CA640A /* AppDelegate.swift in Sources */,
			);
			runOnlyForDeploymentPostprocessing = 0;
		};
/* End PBXSourcesBuildPhase section */

/* Begin PBXVariantGroup section */
		A96517C126715CE200CA640A /* LaunchScreen.storyboard */ = {
			isa = PBXVariantGroup;
			children = (
				A96517C226715CE200CA640A /* Base */,
			);
			name = LaunchScreen.storyboard;
			sourceTree = "<group>";
		};
/* End PBXVariantGroup section */

/* Begin XCBuildConfiguration section */
		A96517C526715CE200CA640A /* Debug */ = {
			isa = XCBuildConfiguration;
			buildSettings = {
				ALWAYS_SEARCH_USER_PATHS = NO;
				CLANG_ANALYZER_NONNULL = YES;
				CLANG_ANALYZER_NUMBER_OBJECT_CONVERSION = YES_AGGRESSIVE;
				CLANG_CXX_LANGUAGE_STANDARD = "gnu++14";
				CLANG_CXX_LIBRARY = "libc++";
				CLANG_ENABLE_MODULES = YES;
				CLANG_ENABLE_OBJC_ARC = YES;
				CLANG_ENABLE_OBJC_WEAK = YES;
				CLANG_WARN_BLOCK_CAPTURE_AUTORELEASING = YES;
				CLANG_WARN_BOOL_CONVERSION = YES;
				CLANG_WARN_COMMA = YES;
				CLANG_WARN_CONSTANT_CONVERSION = YES;
				CLANG_WARN_DEPRECATED_OBJC_IMPLEMENTATIONS = YES;
				CLANG_WARN_DIRECT_OBJC_ISA_USAGE = YES_ERROR;
				CLANG_WARN_DOCUMENTATION_COMMENTS = YES;
				CLANG_WARN_EMPTY_BODY = YES;
				CLANG_WARN_ENUM_CONVERSION = YES;
				CLANG_WARN_INFINITE_RECURSION = YES;
				CLANG_WARN_INT_CONVERSION = YES;
				CLANG_WARN_NON_LITERAL_NULL_CONVERSION = YES;
				CLANG_WARN_OBJC_IMPLICIT_RETAIN_SELF = YES;
				CLANG_WARN_OBJC_LITERAL_CONVERSION = YES;
				CLANG_WARN_OBJC_ROOT_CLASS = YES_ERROR;
				CLANG_WARN_QUOTED_INCLUDE_IN_FRAMEWORK_HEADER = YES;
				CLANG_WARN_RANGE_LOOP_ANALYSIS = YES;
				CLANG_WARN_STRICT_PROTOTYPES = YES;
				CLANG_WARN_SUSPICIOUS_MOVE = YES;
				CLANG_WARN_UNGUARDED_AVAILABILITY = YES_AGGRESSIVE;
				CLANG_WARN_UNREACHABLE_CODE = YES;
				CLANG_WARN__DUPLICATE_METHOD_MATCH = YES;
				COPY_PHASE_STRIP = NO;
				DEBUG_INFORMATION_FORMAT = dwarf;
				ENABLE_STRICT_OBJC_MSGSEND = YES;
				ENABLE_TESTABILITY = YES;
				GCC_C_LANGUAGE_STANDARD = gnu11;
				GCC_DYNAMIC_NO_PIC = NO;
				GCC_NO_COMMON_BLOCKS = YES;
				GCC_OPTIMIZATION_LEVEL = 0;
				GCC_PREPROCESSOR_DEFINITIONS = (
					"DEBUG=1",
					"$(inherited)",
				);
				GCC_WARN_64_TO_32_BIT_CONVERSION = YES;
				GCC_WARN_ABOUT_RETURN_TYPE = YES_ERROR;
				GCC_WARN_UNDECLARED_SELECTOR = YES;
				GCC_WARN_UNINITIALIZED_AUTOS = YES_AGGRESSIVE;
				GCC_WARN_UNUSED_FUNCTION = YES;
				GCC_WARN_UNUSED_VARIABLE = YES;
				IPHONEOS_DEPLOYMENT_TARGET = 14.5;
				MTL_ENABLE_DEBUG_INFO = INCLUDE_SOURCE;
				MTL_FAST_MATH = YES;
				ONLY_ACTIVE_ARCH = YES;
				SDKROOT = iphoneos;
				SWIFT_ACTIVE_COMPILATION_CONDITIONS = DEBUG;
				SWIFT_OPTIMIZATION_LEVEL = "-Onone";
			};
			name = Debug;
		};
		A96517C626715CE200CA640A /* Release */ = {
			isa = XCBuildConfiguration;
			buildSettings = {
				ALWAYS_SEARCH_USER_PATHS = NO;
				CLANG_ANALYZER_NONNULL = YES;
				CLANG_ANALYZER_NUMBER_OBJECT_CONVERSION = YES_AGGRESSIVE;
				CLANG_CXX_LANGUAGE_STANDARD = "gnu++14";
				CLANG_CXX_LIBRARY = "libc++";
				CLANG_ENABLE_MODULES = YES;
				CLANG_ENABLE_OBJC_ARC = YES;
				CLANG_ENABLE_OBJC_WEAK = YES;
				CLANG_WARN_BLOCK_CAPTURE_AUTORELEASING = YES;
				CLANG_WARN_BOOL_CONVERSION = YES;
				CLANG_WARN_COMMA = YES;
				CLANG_WARN_CONSTANT_CONVERSION = YES;
				CLANG_WARN_DEPRECATED_OBJC_IMPLEMENTATIONS = YES;
				CLANG_WARN_DIRECT_OBJC_ISA_USAGE = YES_ERROR;
				CLANG_WARN_DOCUMENTATION_COMMENTS = YES;
				CLANG_WARN_EMPTY_BODY = YES;
				CLANG_WARN_ENUM_CONVERSION = YES;
				CLANG_WARN_INFINITE_RECURSION = YES;
				CLANG_WARN_INT_CONVERSION = YES;
				CLANG_WARN_NON_LITERAL_NULL_CONVERSION = YES;
				CLANG_WARN_OBJC_IMPLICIT_RETAIN_SELF = YES;
				CLANG_WARN_OBJC_LITERAL_CONVERSION = YES;
				CLANG_WARN_OBJC_ROOT_CLASS = YES_ERROR;
				CLANG_WARN_QUOTED_INCLUDE_IN_FRAMEWORK_HEADER = YES;
				CLANG_WARN_RANGE_LOOP_ANALYSIS = YES;
				CLANG_WARN_STRICT_PROTOTYPES = YES;
				CLANG_WARN_SUSPICIOUS_MOVE = YES;
				CLANG_WARN_UNGUARDED_AVAILABILITY = YES_AGGRESSIVE;
				CLANG_WARN_UNREACHABLE_CODE = YES;
				CLANG_WARN__DUPLICATE_METHOD_MATCH = YES;
				COPY_PHASE_STRIP = NO;
				DEBUG_INFORMATION_FORMAT = "dwarf-with-dsym";
				ENABLE_NS_ASSERTIONS = NO;
				ENABLE_STRICT_OBJC_MSGSEND = YES;
				GCC_C_LANGUAGE_STANDARD = gnu11;
				GCC_NO_COMMON_BLOCKS = YES;
				GCC_WARN_64_TO_32_BIT_CONVERSION = YES;
				GCC_WARN_ABOUT_RETURN_TYPE = YES_ERROR;
				GCC_WARN_UNDECLARED_SELECTOR = YES;
				GCC_WARN_UNINITIALIZED_AUTOS = YES_AGGRESSIVE;
				GCC_WARN_UNUSED_FUNCTION = YES;
				GCC_WARN_UNUSED_VARIABLE = YES;
				IPHONEOS_DEPLOYMENT_TARGET = 14.5;
				MTL_ENABLE_DEBUG_INFO = NO;
				MTL_FAST_MATH = YES;
				SDKROOT = iphoneos;
				SWIFT_COMPILATION_MODE = wholemodule;
				SWIFT_OPTIMIZATION_LEVEL = "-O";
				VALIDATE_PRODUCT = YES;
			};
			name = Release;
		};
		A96517C826715CE200CA640A /* Debug */ = {
			isa = XCBuildConfiguration;
			buildSettings = {
				ASSETCATALOG_COMPILER_APPICON_NAME = AppIcon;
				ASSETCATALOG_COMPILER_GLOBAL_ACCENT_COLOR_NAME = AccentColor;
				CODE_SIGN_STYLE = Automatic;
				DEVELOPMENT_TEAM = B436WFHLSF;
				INFOPLIST_FILE = Rockets/Resources/Info.plist;
				IPHONEOS_DEPLOYMENT_TARGET = 14.1;
				LD_RUNPATH_SEARCH_PATHS = (
					"$(inherited)",
					"@executable_path/Frameworks",
				);
				PRODUCT_BUNDLE_IDENTIFIER = md.Rockets;
				PRODUCT_NAME = "$(TARGET_NAME)";
				SWIFT_VERSION = 5.0;
				TARGETED_DEVICE_FAMILY = "1,2";
			};
			name = Debug;
		};
		A96517C926715CE200CA640A /* Release */ = {
			isa = XCBuildConfiguration;
			buildSettings = {
				ASSETCATALOG_COMPILER_APPICON_NAME = AppIcon;
				ASSETCATALOG_COMPILER_GLOBAL_ACCENT_COLOR_NAME = AccentColor;
				CODE_SIGN_STYLE = Automatic;
				DEVELOPMENT_TEAM = B436WFHLSF;
				INFOPLIST_FILE = Rockets/Resources/Info.plist;
				IPHONEOS_DEPLOYMENT_TARGET = 14.1;
				LD_RUNPATH_SEARCH_PATHS = (
					"$(inherited)",
					"@executable_path/Frameworks",
				);
				PRODUCT_BUNDLE_IDENTIFIER = md.Rockets;
				PRODUCT_NAME = "$(TARGET_NAME)";
				SWIFT_VERSION = 5.0;
				TARGETED_DEVICE_FAMILY = "1,2";
			};
			name = Release;
		};
/* End XCBuildConfiguration section */

/* Begin XCConfigurationList section */
		A96517AE26715CE100CA640A /* Build configuration list for PBXProject "Rockets" */ = {
			isa = XCConfigurationList;
			buildConfigurations = (
				A96517C526715CE200CA640A /* Debug */,
				A96517C626715CE200CA640A /* Release */,
			);
			defaultConfigurationIsVisible = 0;
			defaultConfigurationName = Release;
		};
		A96517C726715CE200CA640A /* Build configuration list for PBXNativeTarget "Rockets" */ = {
			isa = XCConfigurationList;
			buildConfigurations = (
				A96517C826715CE200CA640A /* Debug */,
				A96517C926715CE200CA640A /* Release */,
			);
			defaultConfigurationIsVisible = 0;
			defaultConfigurationName = Release;
		};
/* End XCConfigurationList section */
	};
	rootObject = A96517AB26715CE100CA640A /* Project object */;
}
